
Microsoft Visual Studio Solution File, Format Version 11.00
# Visual Studio 2010
Project("{FAE04EC0-301F-11D3-BF4B-00C04F79EFBC}") = "CIAUTH", "CIAUTH\CIAUTH.csproj", "{F550F658-E7E3-4E66-AEF2-B16F8D1AF417}"
EndProject
Project("{FAE04EC0-301F-11D3-BF4B-00C04F79EFBC}") = "CIAUTH.Tests", "CIAUTH.Tests\CIAUTH.Tests.csproj", "{A13FE17F-8D26-4D12-9257-A4855F362D76}"
EndProject
Project("{FAE04EC0-301F-11D3-BF4B-00C04F79EFBC}") = "CIAUTH_TestApp", "CIAUTH_TestApp\CIAUTH_TestApp.csproj", "{E192D7AC-6C31-47A7-9220-07FE2426549D}"
EndProject
Global
	GlobalSection(SolutionConfigurationPlatforms) = preSolution
		Debug|Any CPU = Debug|Any CPU
		Release|Any CPU = Release|Any CPU
	EndGlobalSection
	GlobalSection(ProjectConfigurationPlatforms) = postSolution
		{F550F658-E7E3-4E66-AEF2-B16F8D1AF417}.Debug|Any CPU.ActiveCfg = Debug|Any CPU
		{F550F658-E7E3-4E66-AEF2-B16F8D1AF417}.Debug|Any CPU.Build.0 = Debug|Any CPU
		{F550F658-E7E3-4E66-AEF2-B16F8D1AF417}.Release|Any CPU.ActiveCfg = Release|Any CPU
		{F550F658-E7E3-4E66-AEF2-B16F8D1AF417}.Release|Any CPU.Build.0 = Release|Any CPU
		{A13FE17F-8D26-4D12-9257-A4855F362D76}.Debug|Any CPU.ActiveCfg = Debug|Any CPU
		{A13FE17F-8D26-4D12-9257-A4855F362D76}.Debug|Any CPU.Build.0 = Debug|Any CPU
		{A13FE17F-8D26-4D12-9257-A4855F362D76}.Release|Any CPU.ActiveCfg = Release|Any CPU
		{A13FE17F-8D26-4D12-9257-A4855F362D76}.Release|Any CPU.Build.0 = Release|Any CPU
		{E192D7AC-6C31-47A7-9220-07FE2426549D}.Debug|Any CPU.ActiveCfg = Debug|Any CPU
		{E192D7AC-6C31-47A7-9220-07FE2426549D}.Debug|Any CPU.Build.0 = Debug|Any CPU
		{E192D7AC-6C31-47A7-9220-07FE2426549D}.Release|Any CPU.ActiveCfg = Release|Any CPU
		{E192D7AC-6C31-47A7-9220-07FE2426549D}.Release|Any CPU.Build.0 = Release|Any CPU
	EndGlobalSection
	GlobalSection(SolutionProperties) = preSolution
		HideSolutionNode = FALSE
	EndGlobalSection
EndGlobal
