
Microsoft Visual Studio Solution File, Format Version 11.00
# Visual Studio 2010
Project("{FAE04EC0-301F-11D3-BF4B-00C04F79EFBC}") = "CIAUTH", "CIAUTH\CIAUTH.csproj", "{F550F658-E7E3-4E66-AEF2-B16F8D1AF417}"
EndProject
Project("{FAE04EC0-301F-11D3-BF4B-00C04F79EFBC}") = "CIAUTH.Tests", "CIAUTH.Tests\CIAUTH.Tests.csproj", "{A13FE17F-8D26-4D12-9257-A4855F362D76}"
EndProject
Project("{FAE04EC0-301F-11D3-BF4B-00C04F79EFBC}") = "CIAUTH_TestApp", "CIAUTH_TestApp\CIAUTH_TestApp.csproj", "{E192D7AC-6C31-47A7-9220-07FE2426549D}"
EndProject
Project("{2150E333-8FDC-42A3-9474-1A3956D46DE8}") = ".nuget", ".nuget", "{3F4963AB-2BD5-4ED8-A50E-5FAA87D53F94}"
	ProjectSection(SolutionItems) = preProject
		.nuget\NuGet.Config = .nuget\NuGet.Config
		.nuget\NuGet.exe = .nuget\NuGet.exe
		.nuget\NuGet.targets = .nuget\NuGet.targets
		.nuget\packages.config = .nuget\packages.config
	EndProjectSection
EndProject
Project("{FAE04EC0-301F-11D3-BF4B-00C04F79EFBC}") = "CIAUTH.Configuration", "CIAUTH.Configuration\CIAUTH.Configuration.csproj", "{1DB11820-88B5-4B0F-8E9F-284EA1802AB4}"
EndProject
Project("{2150E333-8FDC-42A3-9474-1A3956D46DE8}") = "Solution Items", "Solution Items", "{994FE940-7DFF-4CC6-86A3-D64F2A864278}"
	ProjectSection(SolutionItems) = preProject
		..\LICENSE.txt = ..\LICENSE.txt
		..\NOTICES.txt = ..\NOTICES.txt
		..\README.md = ..\README.md
	EndProjectSection
EndProject
Project("{2150E333-8FDC-42A3-9474-1A3956D46DE8}") = "Build", "Build", "{46EED6F6-CD2E-4F8E-B302-660EC0084036}"
	ProjectSection(SolutionItems) = preProject
		..\build.cmd = ..\build.cmd
		build.xml = build.xml
		..\tools\msbuild\CommonProperties.targets.xml = ..\tools\msbuild\CommonProperties.targets.xml
		..\tools\msbuild\DropsAndPackaging.targets.xml = ..\tools\msbuild\DropsAndPackaging.targets.xml
		..\tools\msbuild\TestsAndMetrics.targets.xml = ..\tools\msbuild\TestsAndMetrics.targets.xml
		..\tools\msbuild\Versioning.targets.xml = ..\tools\msbuild\Versioning.targets.xml
	EndProjectSection
EndProject
Project("{2150E333-8FDC-42A3-9474-1A3956D46DE8}") = ".build", ".build", "{2EE884AF-909C-4F95-9EB0-6CD8B37110C3}"
	ProjectSection(SolutionItems) = preProject
		Build.proj = Build.proj
		.build\MSBuild.Community.Tasks.dll = .build\MSBuild.Community.Tasks.dll
		.build\MSBuild.Community.Tasks.targets = .build\MSBuild.Community.Tasks.targets
	EndProjectSection
EndProject
Project("{FAE04EC0-301F-11D3-BF4B-00C04F79EFBC}") = "DesktopAppTest", "DesktopAppTest\DesktopAppTest.csproj", "{D3726B24-3D31-49EC-B461-7BCD7523A538}"
EndProject
Global
	GlobalSection(SolutionConfigurationPlatforms) = preSolution
		Debug|Any CPU = Debug|Any CPU
		Debug|Mixed Platforms = Debug|Mixed Platforms
		Debug|x86 = Debug|x86
		Release|Any CPU = Release|Any CPU
		Release|Mixed Platforms = Release|Mixed Platforms
		Release|x86 = Release|x86
	EndGlobalSection
	GlobalSection(ProjectConfigurationPlatforms) = postSolution
		{F550F658-E7E3-4E66-AEF2-B16F8D1AF417}.Debug|Any CPU.ActiveCfg = Debug|Any CPU
		{F550F658-E7E3-4E66-AEF2-B16F8D1AF417}.Debug|Any CPU.Build.0 = Debug|Any CPU
		{F550F658-E7E3-4E66-AEF2-B16F8D1AF417}.Debug|Mixed Platforms.ActiveCfg = Debug|Any CPU
		{F550F658-E7E3-4E66-AEF2-B16F8D1AF417}.Debug|Mixed Platforms.Build.0 = Debug|Any CPU
		{F550F658-E7E3-4E66-AEF2-B16F8D1AF417}.Debug|x86.ActiveCfg = Debug|Any CPU
		{F550F658-E7E3-4E66-AEF2-B16F8D1AF417}.Release|Any CPU.ActiveCfg = Release|Any CPU
		{F550F658-E7E3-4E66-AEF2-B16F8D1AF417}.Release|Any CPU.Build.0 = Release|Any CPU
		{F550F658-E7E3-4E66-AEF2-B16F8D1AF417}.Release|Mixed Platforms.ActiveCfg = Release|Any CPU
		{F550F658-E7E3-4E66-AEF2-B16F8D1AF417}.Release|Mixed Platforms.Build.0 = Release|Any CPU
		{F550F658-E7E3-4E66-AEF2-B16F8D1AF417}.Release|x86.ActiveCfg = Release|Any CPU
		{A13FE17F-8D26-4D12-9257-A4855F362D76}.Debug|Any CPU.ActiveCfg = Debug|Any CPU
		{A13FE17F-8D26-4D12-9257-A4855F362D76}.Debug|Any CPU.Build.0 = Debug|Any CPU
		{A13FE17F-8D26-4D12-9257-A4855F362D76}.Debug|Mixed Platforms.ActiveCfg = Debug|Any CPU
		{A13FE17F-8D26-4D12-9257-A4855F362D76}.Debug|Mixed Platforms.Build.0 = Debug|Any CPU
		{A13FE17F-8D26-4D12-9257-A4855F362D76}.Debug|x86.ActiveCfg = Debug|Any CPU
		{A13FE17F-8D26-4D12-9257-A4855F362D76}.Release|Any CPU.ActiveCfg = Release|Any CPU
		{A13FE17F-8D26-4D12-9257-A4855F362D76}.Release|Any CPU.Build.0 = Release|Any CPU
		{A13FE17F-8D26-4D12-9257-A4855F362D76}.Release|Mixed Platforms.ActiveCfg = Release|Any CPU
		{A13FE17F-8D26-4D12-9257-A4855F362D76}.Release|Mixed Platforms.Build.0 = Release|Any CPU
		{A13FE17F-8D26-4D12-9257-A4855F362D76}.Release|x86.ActiveCfg = Release|Any CPU
		{E192D7AC-6C31-47A7-9220-07FE2426549D}.Debug|Any CPU.ActiveCfg = Debug|Any CPU
		{E192D7AC-6C31-47A7-9220-07FE2426549D}.Debug|Any CPU.Build.0 = Debug|Any CPU
		{E192D7AC-6C31-47A7-9220-07FE2426549D}.Debug|Mixed Platforms.ActiveCfg = Debug|Any CPU
		{E192D7AC-6C31-47A7-9220-07FE2426549D}.Debug|Mixed Platforms.Build.0 = Debug|Any CPU
		{E192D7AC-6C31-47A7-9220-07FE2426549D}.Debug|x86.ActiveCfg = Debug|Any CPU
		{E192D7AC-6C31-47A7-9220-07FE2426549D}.Release|Any CPU.ActiveCfg = Release|Any CPU
		{E192D7AC-6C31-47A7-9220-07FE2426549D}.Release|Any CPU.Build.0 = Release|Any CPU
		{E192D7AC-6C31-47A7-9220-07FE2426549D}.Release|Mixed Platforms.ActiveCfg = Release|Any CPU
		{E192D7AC-6C31-47A7-9220-07FE2426549D}.Release|Mixed Platforms.Build.0 = Release|Any CPU
		{E192D7AC-6C31-47A7-9220-07FE2426549D}.Release|x86.ActiveCfg = Release|Any CPU
		{1DB11820-88B5-4B0F-8E9F-284EA1802AB4}.Debug|Any CPU.ActiveCfg = Debug|Any CPU
		{1DB11820-88B5-4B0F-8E9F-284EA1802AB4}.Debug|Any CPU.Build.0 = Debug|Any CPU
		{1DB11820-88B5-4B0F-8E9F-284EA1802AB4}.Debug|Mixed Platforms.ActiveCfg = Debug|Any CPU
		{1DB11820-88B5-4B0F-8E9F-284EA1802AB4}.Debug|Mixed Platforms.Build.0 = Debug|Any CPU
		{1DB11820-88B5-4B0F-8E9F-284EA1802AB4}.Debug|x86.ActiveCfg = Debug|Any CPU
		{1DB11820-88B5-4B0F-8E9F-284EA1802AB4}.Release|Any CPU.ActiveCfg = Release|Any CPU
		{1DB11820-88B5-4B0F-8E9F-284EA1802AB4}.Release|Any CPU.Build.0 = Release|Any CPU
		{1DB11820-88B5-4B0F-8E9F-284EA1802AB4}.Release|Mixed Platforms.ActiveCfg = Release|Any CPU
		{1DB11820-88B5-4B0F-8E9F-284EA1802AB4}.Release|Mixed Platforms.Build.0 = Release|Any CPU
		{1DB11820-88B5-4B0F-8E9F-284EA1802AB4}.Release|x86.ActiveCfg = Release|Any CPU
		{D3726B24-3D31-49EC-B461-7BCD7523A538}.Debug|Any CPU.ActiveCfg = Debug|x86
		{D3726B24-3D31-49EC-B461-7BCD7523A538}.Debug|Mixed Platforms.ActiveCfg = Debug|x86
		{D3726B24-3D31-49EC-B461-7BCD7523A538}.Debug|Mixed Platforms.Build.0 = Debug|x86
		{D3726B24-3D31-49EC-B461-7BCD7523A538}.Debug|x86.ActiveCfg = Debug|x86
		{D3726B24-3D31-49EC-B461-7BCD7523A538}.Debug|x86.Build.0 = Debug|x86
		{D3726B24-3D31-49EC-B461-7BCD7523A538}.Release|Any CPU.ActiveCfg = Release|x86
		{D3726B24-3D31-49EC-B461-7BCD7523A538}.Release|Mixed Platforms.ActiveCfg = Release|x86
		{D3726B24-3D31-49EC-B461-7BCD7523A538}.Release|Mixed Platforms.Build.0 = Release|x86
		{D3726B24-3D31-49EC-B461-7BCD7523A538}.Release|x86.ActiveCfg = Release|x86
		{D3726B24-3D31-49EC-B461-7BCD7523A538}.Release|x86.Build.0 = Release|x86
	EndGlobalSection
	GlobalSection(SolutionProperties) = preSolution
		HideSolutionNode = FALSE
	EndGlobalSection
	GlobalSection(NestedProjects) = preSolution
		{46EED6F6-CD2E-4F8E-B302-660EC0084036} = {994FE940-7DFF-4CC6-86A3-D64F2A864278}
	EndGlobalSection
	GlobalSection(ExtensibilityGlobals) = postSolution
		EnterpriseLibraryConfigurationToolBinariesPath = packages\Unity.2.1.505.2\lib\NET35
	EndGlobalSection
EndGlobal
